# This file is generated by running "yarn install" inside your project.
# Manual changes might be lost - proceed with caution!

__metadata:
  version: 8
  cacheKey: 10c0

"abort-controller@npm:^3.0.0":
  version: 3.0.0
  resolution: "abort-controller@npm:3.0.0"
  dependencies:
    event-target-shim: "npm:^5.0.0"
  checksum: 10c0/90ccc50f010250152509a344eb2e71977fbf8db0ab8f1061197e3275ddf6c61a41a6edfd7b9409c664513131dd96e962065415325ef23efa5db931b382d24ca5
  languageName: node
  linkType: hard

"agent-base@npm:^4.3.0":
  version: 4.3.0
  resolution: "agent-base@npm:4.3.0"
  dependencies:
    es6-promisify: "npm:^5.0.0"
  checksum: 10c0/a618d4e4ca7c0c2023b2664346570773455c501a930718764f65016a8a9eea6d2ab5ba54255589e46de529bab4026a088523dce17f94e34ba385af1f644febe1
  languageName: node
  linkType: hard

"arrify@npm:^2.0.0":
  version: 2.0.1
  resolution: "arrify@npm:2.0.1"
  checksum: 10c0/3fb30b5e7c37abea1907a60b28a554d2f0fc088757ca9bf5b684786e583fdf14360721eb12575c1ce6f995282eab936712d3c4389122682eafab0e0b57f78dbb
  languageName: node
  linkType: hard

"aws-sdk@npm:^2.596.0":
  version: 2.596.0
  resolution: "aws-sdk@npm:2.596.0"
  dependencies:
    buffer: "npm:4.9.1"
    events: "npm:1.1.1"
    ieee754: "npm:1.1.13"
    jmespath: "npm:0.15.0"
    querystring: "npm:0.2.0"
    sax: "npm:1.2.1"
    url: "npm:0.10.3"
    uuid: "npm:3.3.2"
    xml2js: "npm:0.4.19"
  checksum: 10c0/4d490d66a262bb35113aeba48dbc3c3797e581279d19a3fc8f001f7a86339afddfe34f247984b01594db84fcd1d3449719873d978e32db5d6d5532297f2ca622
  languageName: node
  linkType: hard

"balanced-match@npm:^1.0.0":
  version: 1.0.0
  resolution: "balanced-match@npm:1.0.0"
  checksum: 10c0/d45f1aeec59d87562cd65415e2890b9fd6ab7fa89941a46fb2eb505e2165158680ee1be7110586cf86f3a9599f1b88ec4a7fcf57594560ca37814a560ab95f41
  languageName: node
  linkType: hard

"base64-js@npm:^1.0.2, base64-js@npm:^1.3.0":
  version: 1.3.1
  resolution: "base64-js@npm:1.3.1"
  checksum: 10c0/f111a2c2b105eb9ee3818c30154e047fb00370699a03c2130d0944f10914697677ceb5faec64ea851e00710b80539afb03e9aa098e19c183a5e7a1cdc18abb29
  languageName: node
  linkType: hard

"bignumber.js@npm:^7.0.0":
  version: 7.2.1
  resolution: "bignumber.js@npm:7.2.1"
  checksum: 10c0/7e2cb10cdc1991696666b129f3b888c44a5e35bd3a5e990b2d2c934c7bc6863fb42b45fdea830484ca0d9e0b9a70d15e1d43fcd03a0e04326612b8e3ac76a0ae
  languageName: node
  linkType: hard

"brace-expansion@npm:^1.1.7":
  version: 1.1.11
  resolution: "brace-expansion@npm:1.1.11"
  dependencies:
    balanced-match: "npm:^1.0.0"
    concat-map: "npm:0.0.1"
  checksum: 10c0/695a56cd058096a7cb71fb09d9d6a7070113c7be516699ed361317aca2ec169f618e28b8af352e02ab4233fb54eb0168460a40dc320bab0034b36ab59aaad668
  languageName: node
  linkType: hard

"buffer-equal-constant-time@npm:1.0.1":
  version: 1.0.1
  resolution: "buffer-equal-constant-time@npm:1.0.1"
  checksum: 10c0/fb2294e64d23c573d0dd1f1e7a466c3e978fe94a4e0f8183937912ca374619773bef8e2aceb854129d2efecbbc515bbd0cc78d2734a3e3031edb0888531bbc8e
  languageName: node
  linkType: hard

"buffer@npm:4.9.1":
  version: 4.9.1
  resolution: "buffer@npm:4.9.1"
  dependencies:
    base64-js: "npm:^1.0.2"
    ieee754: "npm:^1.1.4"
    isarray: "npm:^1.0.0"
  checksum: 10c0/201a4af5f7dba4501e1d52254abed087c306b4279b36d7cf2076ae40293e21fe19d3123a1be26d2e4fe5dff97d68b31ca82113356eca722ed4c44a3fda6479ff
  languageName: node
  linkType: hard

"concat-map@npm:0.0.1":
  version: 0.0.1
  resolution: "concat-map@npm:0.0.1"
  checksum: 10c0/c996b1cfdf95b6c90fee4dae37e332c8b6eb7d106430c17d538034c0ad9a1630cb194d2ab37293b1bdd4d779494beee7786d586a50bd9376fd6f7bcc2bd4c98f
  languageName: node
  linkType: hard

"debug@npm:^3.1.0":
  version: 3.2.6
  resolution: "debug@npm:3.2.6"
  dependencies:
    ms: "npm:^2.1.1"
  checksum: 10c0/406ae034424c5570c83bb7f7baf6a2321ace5b94d6f0032ec796c686e277a55bbb575712bb9e6f204e044b1a8c31981ba97fab725a09fcdc7f85cd89daf4de30
  languageName: node
  linkType: hard

"earth_engine_token_server@workspace:.":
  version: 0.0.0-use.local
  resolution: "earth_engine_token_server@workspace:."
  dependencies:
    aws-sdk: "npm:^2.596.0"
    esm: "npm:^3.2.25"
    fs: "npm:^0.0.1-security"
    google-auth-library: "npm:^5.7.0"
    googleapis: "npm:^46.0.0"
    http: "npm:^0.0.0"
    tmp: "npm:^0.1.0"
  languageName: unknown
  linkType: soft

"ecdsa-sig-formatter@npm:1.0.11":
  version: 1.0.11
  resolution: "ecdsa-sig-formatter@npm:1.0.11"
  dependencies:
    safe-buffer: "npm:^5.0.1"
  checksum: 10c0/ebfbf19d4b8be938f4dd4a83b8788385da353d63307ede301a9252f9f7f88672e76f2191618fd8edfc2f24679236064176fab0b78131b161ee73daa37125408c
  languageName: node
  linkType: hard

"es6-promise@npm:^4.0.3":
  version: 4.2.8
  resolution: "es6-promise@npm:4.2.8"
  checksum: 10c0/2373d9c5e9a93bdd9f9ed32ff5cb6dd3dd785368d1c21e9bbbfd07d16345b3774ae260f2bd24c8f836a6903f432b4151e7816a7fa8891ccb4e1a55a028ec42c3
  languageName: node
  linkType: hard

"es6-promisify@npm:^5.0.0":
  version: 5.0.0
  resolution: "es6-promisify@npm:5.0.0"
  dependencies:
    es6-promise: "npm:^4.0.3"
  checksum: 10c0/23284c6a733cbf7842ec98f41eac742c9f288a78753c4fe46652bae826446ced7615b9e8a5c5f121a08812b1cd478ea58630f3e1c3d70835bd5dcd69c7cd75c9
  languageName: node
  linkType: hard

"esm@npm:^3.2.25":
  version: 3.2.25
  resolution: "esm@npm:3.2.25"
  checksum: 10c0/8e60e8075506a7ce28681c30c8f54623fe18a251c364cd481d86719fc77f58aa055b293d80632d9686d5408aaf865ffa434897dc9fd9153c8b3f469fad23f094
  languageName: node
  linkType: hard

"event-target-shim@npm:^5.0.0":
  version: 5.0.1
  resolution: "event-target-shim@npm:5.0.1"
  checksum: 10c0/0255d9f936215fd206156fd4caa9e8d35e62075d720dc7d847e89b417e5e62cf1ce6c9b4e0a1633a9256de0efefaf9f8d26924b1f3c8620cffb9db78e7d3076b
  languageName: node
  linkType: hard

"events@npm:1.1.1":
  version: 1.1.1
  resolution: "events@npm:1.1.1"
  checksum: 10c0/29ba5a4c7d03dd2f4a2d3d9d4dfd8332225256f666cd69f490975d2eff8d7c73f1fb4872877b2c1f3b485e8fb42462153d65e5a21ea994eb928c3bec9e0c826e
  languageName: node
  linkType: hard

"extend@npm:^3.0.2":
  version: 3.0.2
  resolution: "extend@npm:3.0.2"
  checksum: 10c0/73bf6e27406e80aa3e85b0d1c4fd987261e628064e170ca781125c0b635a3dabad5e05adbf07595ea0cf1e6c5396cacb214af933da7cbaf24fe75ff14818e8f9
  languageName: node
  linkType: hard

"fast-text-encoding@npm:^1.0.0":
  version: 1.0.0
  resolution: "fast-text-encoding@npm:1.0.0"
  checksum: 10c0/f21a498bbaadb9ac35d01ad0f4a297589016cb9925acd30ded8c7bfe6ba3a1f8254e5d2cb5df6d84962ea3bbb3f049c85a4cdc0a75dc2b2ec4057093b93be53c
  languageName: node
  linkType: hard

"fs.realpath@npm:^1.0.0":
  version: 1.0.0
  resolution: "fs.realpath@npm:1.0.0"
  checksum: 10c0/444cf1291d997165dfd4c0d58b69f0e4782bfd9149fd72faa4fe299e68e0e93d6db941660b37dd29153bf7186672ececa3b50b7e7249477b03fdf850f287c948
  languageName: node
  linkType: hard

"fs@npm:^0.0.1-security":
  version: 0.0.1-security
  resolution: "fs@npm:0.0.1-security"
  checksum: 10c0/e0c0b585ec6f7483d63d067215d9d6bb2e0dba5912060d32554c8e566a0e22ee65e4c2a2b0567476efbbfb47682554b4711d69cab49950d01f227a3dfa7d671a
  languageName: node
  linkType: hard

"gaxios@npm:^2.0.1, gaxios@npm:^2.1.0":
  version: 2.2.0
  resolution: "gaxios@npm:2.2.0"
  dependencies:
    abort-controller: "npm:^3.0.0"
    extend: "npm:^3.0.2"
    https-proxy-agent: "npm:^3.0.0"
    is-stream: "npm:^2.0.0"
    node-fetch: "npm:^2.3.0"
  checksum: 10c0/bc207d205ed3c3114727b340d638fa635c986f62d60b5284406af4440d2ef64cf55518b66f8bfb2395fe3f5d3ff5afdef040d6ccb21913742837fada1773f79e
  languageName: node
  linkType: hard

"gcp-metadata@npm:^3.2.0":
  version: 3.3.0
  resolution: "gcp-metadata@npm:3.3.0"
  dependencies:
    gaxios: "npm:^2.1.0"
    json-bigint: "npm:^0.3.0"
  checksum: 10c0/595b71bbbd57b48bb98fbfae5d58396a1b11a3a32728bde00f16d4b854c0e3e5c418a0886873ae09664215fd30b50d6708e3f7998fcf537648accd14f870d621
  languageName: node
  linkType: hard

"glob@npm:^7.1.3":
  version: 7.1.6
  resolution: "glob@npm:7.1.6"
  dependencies:
    fs.realpath: "npm:^1.0.0"
    inflight: "npm:^1.0.4"
    inherits: "npm:2"
    minimatch: "npm:^3.0.4"
    once: "npm:^1.3.0"
    path-is-absolute: "npm:^1.0.0"
  checksum: 10c0/2575cce9306ac534388db751f0aa3e78afedb6af8f3b529ac6b2354f66765545145dba8530abf7bff49fb399a047d3f9b6901c38ee4c9503f592960d9af67763
  languageName: node
  linkType: hard

"google-auth-library@npm:^5.6.1, google-auth-library@npm:^5.7.0":
  version: 5.7.0
  resolution: "google-auth-library@npm:5.7.0"
  dependencies:
    arrify: "npm:^2.0.0"
    base64-js: "npm:^1.3.0"
    fast-text-encoding: "npm:^1.0.0"
    gaxios: "npm:^2.1.0"
    gcp-metadata: "npm:^3.2.0"
    gtoken: "npm:^4.1.0"
    jws: "npm:^3.1.5"
    lru-cache: "npm:^5.0.0"
  checksum: 10c0/890e40923357433375274c27bfb6c6c1b23fd98bddfef5c7d1333a6d6307e0113907af370b7b410d39cf8f1d1445588b70bf5e7937fad0614086fce42193b296
  languageName: node
  linkType: hard

"google-p12-pem@npm:^2.0.0":
  version: 2.0.3
  resolution: "google-p12-pem@npm:2.0.3"
  dependencies:
    node-forge: "npm:^0.9.0"
  bin:
    gp12-pem: build/src/bin/gp12-pem.js
  checksum: 10c0/92358aa417166d649f85f5e4e4778d587b16e553629654e908ab6ccf53cbcf06c53e8347df379f32220796c722493d72eef468c5870abba4165d6bb46719dd12
  languageName: node
  linkType: hard

"googleapis-common@npm:^3.2.0":
  version: 3.2.0
  resolution: "googleapis-common@npm:3.2.0"
  dependencies:
    extend: "npm:^3.0.2"
    gaxios: "npm:^2.0.1"
    google-auth-library: "npm:^5.6.1"
    qs: "npm:^6.7.0"
    url-template: "npm:^2.0.8"
    uuid: "npm:^3.3.2"
  checksum: 10c0/f6263bdea3e4bccfb026845ec7879aef39213ce9835ee49ebeeadabe99af4349cb42476a77fe845585d9faf7ac16c3506dba5d620ba3d90d41664599d03b8fe1
  languageName: node
  linkType: hard

"googleapis@npm:^46.0.0":
  version: 46.0.0
  resolution: "googleapis@npm:46.0.0"
  dependencies:
    google-auth-library: "npm:^5.6.1"
    googleapis-common: "npm:^3.2.0"
  checksum: 10c0/64b6849aaff6ec79bc38fe66d2f056bc2dbd19f97c92c90a87ae9843fb75b425bdc4b8c78f960d884048fe838046e59270a49e1bb45f1551708d9fd637117cf7
  languageName: node
  linkType: hard

"gtoken@npm:^4.1.0":
  version: 4.1.3
  resolution: "gtoken@npm:4.1.3"
  dependencies:
    gaxios: "npm:^2.1.0"
    google-p12-pem: "npm:^2.0.0"
    jws: "npm:^3.1.5"
    mime: "npm:^2.2.0"
  checksum: 10c0/943c3de5bf83d2faa2cf0915e260119ed0571673ec039f8170ba6537ff5f526ad55464291d1c13bd105688783b92f7c4380786d0c7ebca418065be604e4f899f
  languageName: node
  linkType: hard

"http@npm:^0.0.0":
  version: 0.0.0
  resolution: "http@npm:0.0.0"
  checksum: 10c0/c70da1535a838d0b702a10d837e7e0492362e09f9ac3c44f4ee0765d1c5cb3d4baa2956fd2ce68c454e3322ff27c0c9bad115356a281227770a0cf0799899b57
  languageName: node
  linkType: hard

"https-proxy-agent@npm:^3.0.0":
  version: 3.0.1
  resolution: "https-proxy-agent@npm:3.0.1"
  dependencies:
    agent-base: "npm:^4.3.0"
    debug: "npm:^3.1.0"
  checksum: 10c0/825fa104a22ef34ec17dcb684830d80b4c163f15e0f894e542ba4c3865ccf4b771b4f2dceebe566d5577ca23cbbdf37ba437063980653496e8e37992a23fc21a
  languageName: node
  linkType: hard

"ieee754@npm:1.1.13, ieee754@npm:^1.1.4":
  version: 1.1.13
  resolution: "ieee754@npm:1.1.13"
  checksum: 10c0/eaf8c87e014282bfb5b13670991a2ed086eaef35ccc3fb713833863f2e7213041b2c29246adbc5f6561d51d53861c3b11f3b82b28fc6fa1352edeff381f056e5
  languageName: node
  linkType: hard

"inflight@npm:^1.0.4":
  version: 1.0.6
  resolution: "inflight@npm:1.0.6"
  dependencies:
    once: "npm:^1.3.0"
    wrappy: "npm:1"
  checksum: 10c0/7faca22584600a9dc5b9fca2cd5feb7135ac8c935449837b315676b4c90aa4f391ec4f42240178244b5a34e8bede1948627fda392ca3191522fc46b34e985ab2
  languageName: node
  linkType: hard

"inherits@npm:2":
  version: 2.0.4
  resolution: "inherits@npm:2.0.4"
  checksum: 10c0/4e531f648b29039fb7426fb94075e6545faa1eb9fe83c29f0b6d9e7263aceb4289d2d4557db0d428188eeb449cc7c5e77b0a0b2c4e248ff2a65933a0dee49ef2
  languageName: node
  linkType: hard

"is-stream@npm:^2.0.0":
  version: 2.0.0
  resolution: "is-stream@npm:2.0.0"
  checksum: 10c0/687f6bbd2b995573d33e6b40b2cbc8b9186a751aa3151c23e6fd2c4ca352e323a6dc010b09103f89c9ca0bf5c8c38f3fa8b74d5d9acd1c44f1499874d7e844f9
  languageName: node
  linkType: hard

"isarray@npm:^1.0.0":
  version: 1.0.0
  resolution: "isarray@npm:1.0.0"
  checksum: 10c0/18b5be6669be53425f0b84098732670ed4e727e3af33bc7f948aac01782110eb9a18b3b329c5323bcdd3acdaae547ee077d3951317e7f133bff7105264b3003d
  languageName: node
  linkType: hard

"jmespath@npm:0.15.0":
  version: 0.15.0
  resolution: "jmespath@npm:0.15.0"
  checksum: 10c0/95fe1cabb4a12fc2b443a7aa9e85dca52a87437038276765fc54bfbb651a03f5f739266c0b3520531e7cf67986f716308edad8fadb8fbc26bf82a146f881d2e3
  languageName: node
  linkType: hard

"json-bigint@npm:^0.3.0":
  version: 0.3.0
  resolution: "json-bigint@npm:0.3.0"
  dependencies:
    bignumber.js: "npm:^7.0.0"
  checksum: 10c0/3b908be1713e071dfb1648f0a2f154c02c3c8e9ed2d1c08b886c8109e2222f2b1a077357c2774937bfe4d71a02e7d9d8afa144062ad59aae9c8732566c73b580
  languageName: node
  linkType: hard

"jwa@npm:^1.4.1":
  version: 1.4.1
  resolution: "jwa@npm:1.4.1"
  dependencies:
    buffer-equal-constant-time: "npm:1.0.1"
    ecdsa-sig-formatter: "npm:1.0.11"
    safe-buffer: "npm:^5.0.1"
  checksum: 10c0/5c533540bf38702e73cf14765805a94027c66a0aa8b16bc3e89d8d905e61a4ce2791e87e21be97d1293a5ee9d4f3e5e47737e671768265ca4f25706db551d5e9
  languageName: node
  linkType: hard

"jws@npm:^3.1.5":
  version: 3.2.2
  resolution: "jws@npm:3.2.2"
  dependencies:
    jwa: "npm:^1.4.1"
    safe-buffer: "npm:^5.0.1"
  checksum: 10c0/e770704533d92df358adad7d1261fdecad4d7b66fa153ba80d047e03ca0f1f73007ce5ed3fbc04d2eba09ba6e7e6e645f351e08e5ab51614df1b0aa4f384dfff
  languageName: node
  linkType: hard

"lru-cache@npm:^5.0.0":
  version: 5.1.1
  resolution: "lru-cache@npm:5.1.1"
  dependencies:
    yallist: "npm:^3.0.2"
  checksum: 10c0/89b2ef2ef45f543011e38737b8a8622a2f8998cddf0e5437174ef8f1f70a8b9d14a918ab3e232cb3ba343b7abddffa667f0b59075b2b80e6b4d63c3de6127482
  languageName: node
  linkType: hard

"mime@npm:^2.2.0":
  version: 2.4.4
  resolution: "mime@npm:2.4.4"
  bin:
    mime: cli.js
  checksum: 10c0/df307756ed961c83238f54e93114a5c080424d4413e17fed1feddb5f915ddc7d50ded55dca767642249504388bc1d07c81d08cc7d6902bf53335df234db9f0d8
  languageName: node
  linkType: hard

"minimatch@npm:^3.0.4":
  version: 3.0.4
  resolution: "minimatch@npm:3.0.4"
  dependencies:
    brace-expansion: "npm:^1.1.7"
  checksum: 10c0/d0a2bcd93ebec08a9eef3ca83ba33c9fb6feb93932e0b4dc6aa46c5f37a9404bea7ad9ff7cafe23ce6634f1fe3b206f5315ecbb05812da6e692c21d8ecfd3dae
  languageName: node
  linkType: hard

"ms@npm:^2.1.1":
  version: 2.1.2
  resolution: "ms@npm:2.1.2"
  checksum: 10c0/a437714e2f90dbf881b5191d35a6db792efbca5badf112f87b9e1c712aace4b4b9b742dd6537f3edf90fd6f684de897cec230abde57e87883766712ddda297cc
  languageName: node
  linkType: hard

"node-fetch@npm:^2.3.0":
  version: 2.6.1
  resolution: "node-fetch@npm:2.6.1"
  checksum: 10c0/c58586d121782df045681e29608f940be90c7d8c4cada29957c148cfcc5e2d81d74b690cf10ee6879ed055da7ea821450a74ff43f3bde651cf6c8a5f34a77e2a
  languageName: node
  linkType: hard

"node-forge@npm:^0.9.0":
  version: 0.9.1
  resolution: "node-forge@npm:0.9.1"
  checksum: 10c0/cc5440a7f3554b3d81c1e9caf002dee3effd0ad2a9638dfb2e97ba5509749e350ece11c5aa60209b363f5f5fab214cf3da8e6bc63bc6e73ed159bca895bda229
  languageName: node
  linkType: hard

"once@npm:^1.3.0":
  version: 1.4.0
  resolution: "once@npm:1.4.0"
  dependencies:
    wrappy: "npm:1"
  checksum: 10c0/5d48aca287dfefabd756621c5dfce5c91a549a93e9fdb7b8246bc4c4790aa2ec17b34a260530474635147aeb631a2dcc8b32c613df0675f96041cbb8244517d0
  languageName: node
  linkType: hard

"path-is-absolute@npm:^1.0.0":
  version: 1.0.1
  resolution: "path-is-absolute@npm:1.0.1"
  checksum: 10c0/127da03c82172a2a50099cddbf02510c1791fc2cc5f7713ddb613a56838db1e8168b121a920079d052e0936c23005562059756d653b7c544c53185efe53be078
  languageName: node
  linkType: hard

"punycode@npm:1.3.2":
  version: 1.3.2
  resolution: "punycode@npm:1.3.2"
  checksum: 10c0/281fd20eaf4704f79d80cb0dc65065bf6452ee67989b3e8941aed6360a5a9a8a01d3e2ed71d0bde3cd74fb5a5dd9db4160bed5a8c20bed4b6764c24ce4c7d2d2
  languageName: node
  linkType: hard

"qs@npm:^6.7.0":
  version: 6.9.1
  resolution: "qs@npm:6.9.1"
  checksum: 10c0/1eade4f663076a15bc74cecdd79801e401801414d3f8638f4145d2170cc2bf61046621de1ecc856ecc190703542473ad679e01f4422b9412c2270e98cac4ce16
  languageName: node
  linkType: hard

"querystring@npm:0.2.0":
  version: 0.2.0
  resolution: "querystring@npm:0.2.0"
  checksum: 10c0/2036c9424beaacd3978bac9e4ba514331cc73163bea7bf3ad7e2c7355e55501938ec195312c607753f9c6e70b1bf9dfcda38db6241bd299c034e27ac639d64ed
  languageName: node
  linkType: hard

"rimraf@npm:^2.6.3":
  version: 2.7.1
  resolution: "rimraf@npm:2.7.1"
  dependencies:
    glob: "npm:^7.1.3"
  bin:
    rimraf: ./bin.js
  checksum: 10c0/4eef73d406c6940927479a3a9dee551e14a54faf54b31ef861250ac815172bade86cc6f7d64a4dc5e98b65e4b18a2e1c9ff3b68d296be0c748413f092bb0dd40
  languageName: node
  linkType: hard

"safe-buffer@npm:^5.0.1":
  version: 5.2.0
  resolution: "safe-buffer@npm:5.2.0"
  checksum: 10c0/9e1d7f6a162b493b54ecc29e60fcedaf4d0b53aa1636088f8f1f40dc5e7ceeb44885983c0de8148a735369e1ce567abe9465e8086e413673706432d4df8cca07
  languageName: node
  linkType: hard

"sax@npm:1.2.1":
  version: 1.2.1
  resolution: "sax@npm:1.2.1"
  checksum: 10c0/1ae269cfde0b3774b4c92eb744452b6740bde5c5744fe5cadef6f496e42d9b632f483fb6aff9a23c0749c94c6951b06b0c5a90a5e99c879d3401cfd5ba61dc02
  languageName: node
  linkType: hard

"sax@npm:>=0.6.0":
  version: 1.2.4
  resolution: "sax@npm:1.2.4"
  checksum: 10c0/6e9b05ff443ee5e5096ce92d31c0740a20d33002fad714ebcb8fc7a664d9ee159103ebe8f7aef0a1f7c5ecacdd01f177f510dff95611c589399baf76437d3fe3
  languageName: node
  linkType: hard

"tmp@npm:^0.1.0":
  version: 0.1.0
  resolution: "tmp@npm:0.1.0"
  dependencies:
    rimraf: "npm:^2.6.3"
  checksum: 10c0/195f96a194b34827b75e5742de09211ddd6d50b199c141e95cf399a574386031b4be03d2b6d33c3a0c364a3167affe3ece122bfe1b75485c8d5cf3f4320a8c48
  languageName: node
  linkType: hard

"url-template@npm:^2.0.8":
  version: 2.0.8
  resolution: "url-template@npm:2.0.8"
  checksum: 10c0/56a15057eacbcf05d52b0caed8279c8451b3dd9d32856a1fdd91c6dc84dcb1646f12bafc756b7ade62ca5b1564da8efd7baac5add35868bafb43eb024c62805b
  languageName: node
  linkType: hard

"url@npm:0.10.3":
  version: 0.10.3
  resolution: "url@npm:0.10.3"
  dependencies:
    punycode: "npm:1.3.2"
    querystring: "npm:0.2.0"
  checksum: 10c0/f0a1c7d99ac35dd68a8962bc7b3dd38f08d457387fc686f0669ff881b00a68eabd9cb3aded09dfbe25401d7b632fc4a9c074cb373f6a4bd1d8b5324d1d442a0d
  languageName: node
  linkType: hard

"uuid@npm:3.3.2":
  version: 3.3.2
  resolution: "uuid@npm:3.3.2"
  bin:
    uuid: ./bin/uuid
  checksum: 10c0/847bd7b389f44d05cf5341134d52803116b616c7344f12c74040effd75280b58273ea3a2bee6ba6e5405688c5edbb0696f4adcbc89e1206dc1d8650bdaece7a6
  languageName: node
  linkType: hard

"uuid@npm:^3.3.2":
  version: 3.3.3
  resolution: "uuid@npm:3.3.3"
  bin:
    uuid: ./bin/uuid
  checksum: 10c0/6808339bfeabca4c3ca33a790a907a2172c904a19701e9997c7a5103aced30a73c4c8c3e2e0e0c298832928a5a6f4f7d52843a26ed0c7d22fec27458f40101e5
  languageName: node
  linkType: hard

"wrappy@npm:1":
  version: 1.0.2
  resolution: "wrappy@npm:1.0.2"
  checksum: 10c0/56fece1a4018c6a6c8e28fbc88c87e0fbf4ea8fd64fc6c63b18f4acc4bd13e0ad2515189786dd2c30d3eec9663d70f4ecf699330002f8ccb547e4a18231fc9f0
  languageName: node
  linkType: hard

"xml2js@npm:0.4.19":
  version: 0.4.19
  resolution: "xml2js@npm:0.4.19"
  dependencies:
    sax: "npm:>=0.6.0"
    xmlbuilder: "npm:~9.0.1"
  checksum: 10c0/a50178608fae952ddbdd30c9fde61a2a3b9a42edacacd8059e69b6177304e2f3362e214cd324b7555d3087ed64234e59bb70f75c4699231c6840c4c60a72c2d2
  languageName: node
  linkType: hard

"xmlbuilder@npm:~9.0.1":
  version: 9.0.7
  resolution: "xmlbuilder@npm:9.0.7"
  checksum: 10c0/aa3c644a13e561abd50e4971ab6963261de703cc0405994777db9129c40d76dba9c0a2c6fa04a7de474a8428f7b329e6f85fcf84990f9cb4ceb2c345a57a4eef
  languageName: node
  linkType: hard

"yallist@npm:^3.0.2":
  version: 3.1.1
  resolution: "yallist@npm:3.1.1"
  checksum: 10c0/c66a5c46bc89af1625476f7f0f2ec3653c1a1791d2f9407cfb4c2ba812a1e1c9941416d71ba9719876530e3340a99925f697142989371b72d93b9ee628afd8c1
  languageName: node
  linkType: hard
